
Microsoft Visual Studio Solution File, Format Version 10.00
# Visual C# Express 2008
Project("{FAE04EC0-301F-11D3-BF4B-00C04F79EFBC}") = "Updater", "FirmwareUpdater\Updater.csproj", "{A531E25D-ED6F-43D1-B8F5-B35F03072C0F}"
EndProject
Project("{FAE04EC0-301F-11D3-BF4B-00C04F79EFBC}") = "Cortex", "..\lib\Cortex.csproj", "{82E0EE74-DE1B-49D6-9413-BC85029C13A0}"
EndProject
Global
	GlobalSection(SolutionConfigurationPlatforms) = preSolution
		Debug|Any CPU = Debug|Any CPU
		Release|Any CPU = Release|Any CPU
	EndGlobalSection
	GlobalSection(ProjectConfigurationPlatforms) = postSolution
		{A531E25D-ED6F-43D1-B8F5-B35F03072C0F}.Debug|Any CPU.ActiveCfg = Debug|Any CPU
		{A531E25D-ED6F-43D1-B8F5-B35F03072C0F}.Debug|Any CPU.Build.0 = Debug|Any CPU
		{A531E25D-ED6F-43D1-B8F5-B35F03072C0F}.Release|Any CPU.ActiveCfg = Release|Any CPU
		{A531E25D-ED6F-43D1-B8F5-B35F03072C0F}.Release|Any CPU.Build.0 = Release|Any CPU
		{82E0EE74-DE1B-49D6-9413-BC85029C13A0}.Debug|Any CPU.ActiveCfg = Debug|Any CPU
		{82E0EE74-DE1B-49D6-9413-BC85029C13A0}.Debug|Any CPU.Build.0 = Debug|Any CPU
		{82E0EE74-DE1B-49D6-9413-BC85029C13A0}.Release|Any CPU.ActiveCfg = Release|Any CPU
		{82E0EE74-DE1B-49D6-9413-BC85029C13A0}.Release|Any CPU.Build.0 = Release|Any CPU
	EndGlobalSection
	GlobalSection(SolutionProperties) = preSolution
		HideSolutionNode = FALSE
	EndGlobalSection
EndGlobal
