
Microsoft Visual Studio Solution File, Format Version 10.00
# Visual C# Express 2008
Project("{FAE04EC0-301F-11D3-BF4B-00C04F79EFBC}") = "Hypnofocus", "Hypnofocus\Hypnofocus.csproj", "{A428D776-AAE5-4117-A3F9-BE98A88AEF9B}"
EndProject
Global
	GlobalSection(SolutionConfigurationPlatforms) = preSolution
		Debug|Any CPU = Debug|Any CPU
		Release|Any CPU = Release|Any CPU
	EndGlobalSection
	GlobalSection(ProjectConfigurationPlatforms) = postSolution
		{A428D776-AAE5-4117-A3F9-BE98A88AEF9B}.Debug|Any CPU.ActiveCfg = Debug|Any CPU
		{A428D776-AAE5-4117-A3F9-BE98A88AEF9B}.Debug|Any CPU.Build.0 = Debug|Any CPU
		{A428D776-AAE5-4117-A3F9-BE98A88AEF9B}.Release|Any CPU.ActiveCfg = Release|Any CPU
		{A428D776-AAE5-4117-A3F9-BE98A88AEF9B}.Release|Any CPU.Build.0 = Release|Any CPU
	EndGlobalSection
	GlobalSection(SolutionProperties) = preSolution
		HideSolutionNode = FALSE
	EndGlobalSection
EndGlobal
